
Microsoft Visual Studio Solution File, Format Version 12.00
# Visual Studio Version 17
VisualStudioVersion = 17.2.32519.379
MinimumVisualStudioVersion = 10.0.40219.1
Project("{FAE04EC0-301F-11D3-BF4B-00C04F79EFBC}") = "SistemaVenta.API", "SistemaVenta.API\SistemaVenta.API.csproj", "{D78045F4-43F3-45BA-BFF8-AACAF9A56960}"
EndProject
Project("{FAE04EC0-301F-11D3-BF4B-00C04F79EFBC}") = "SistemaVenta.DAL", "SistemaVenta.DAL\SistemaVenta.DAL.csproj", "{E62F6C7E-2A2F-470D-ABEC-3D64A6CF1B2D}"
EndProject
Project("{FAE04EC0-301F-11D3-BF4B-00C04F79EFBC}") = "SistemaVenta.BLL", "SistemaVenta.BLL\SistemaVenta.BLL.csproj", "{09DAEB3F-0D12-404A-BCB6-33758C3A8CA4}"
EndProject
Project("{FAE04EC0-301F-11D3-BF4B-00C04F79EFBC}") = "SistemaVenta.Model", "SistemaVenta.Model\SistemaVenta.Model.csproj", "{5AC9DF71-22A1-4013-B331-4A671A87EE2C}"
EndProject
Project("{FAE04EC0-301F-11D3-BF4B-00C04F79EFBC}") = "SistemaVenta.IOC", "SistemaVenta.IOC\SistemaVenta.IOC.csproj", "{18DD4D13-91A7-45EF-8AA6-1BD9D1620AE7}"
EndProject
Project("{FAE04EC0-301F-11D3-BF4B-00C04F79EFBC}") = "SistemaVenta.DTO", "SistemaVenta.DTO\SistemaVenta.DTO.csproj", "{0A041F99-0549-46D3-A639-BB463654D910}"
EndProject
Project("{FAE04EC0-301F-11D3-BF4B-00C04F79EFBC}") = "SistemaVenta.Utility", "SistemaVenta.Utility\SistemaVenta.Utility.csproj", "{CCB4E614-CC52-490D-AF74-00FBEB6ACB3E}"
EndProject
Global
	GlobalSection(SolutionConfigurationPlatforms) = preSolution
		Debug|Any CPU = Debug|Any CPU
		Release|Any CPU = Release|Any CPU
	EndGlobalSection
	GlobalSection(ProjectConfigurationPlatforms) = postSolution
		{D78045F4-43F3-45BA-BFF8-AACAF9A56960}.Debug|Any CPU.ActiveCfg = Debug|Any CPU
		{D78045F4-43F3-45BA-BFF8-AACAF9A56960}.Debug|Any CPU.Build.0 = Debug|Any CPU
		{D78045F4-43F3-45BA-BFF8-AACAF9A56960}.Release|Any CPU.ActiveCfg = Release|Any CPU
		{D78045F4-43F3-45BA-BFF8-AACAF9A56960}.Release|Any CPU.Build.0 = Release|Any CPU
		{E62F6C7E-2A2F-470D-ABEC-3D64A6CF1B2D}.Debug|Any CPU.ActiveCfg = Debug|Any CPU
		{E62F6C7E-2A2F-470D-ABEC-3D64A6CF1B2D}.Debug|Any CPU.Build.0 = Debug|Any CPU
		{E62F6C7E-2A2F-470D-ABEC-3D64A6CF1B2D}.Release|Any CPU.ActiveCfg = Release|Any CPU
		{E62F6C7E-2A2F-470D-ABEC-3D64A6CF1B2D}.Release|Any CPU.Build.0 = Release|Any CPU
		{09DAEB3F-0D12-404A-BCB6-33758C3A8CA4}.Debug|Any CPU.ActiveCfg = Debug|Any CPU
		{09DAEB3F-0D12-404A-BCB6-33758C3A8CA4}.Debug|Any CPU.Build.0 = Debug|Any CPU
		{09DAEB3F-0D12-404A-BCB6-33758C3A8CA4}.Release|Any CPU.ActiveCfg = Release|Any CPU
		{09DAEB3F-0D12-404A-BCB6-33758C3A8CA4}.Release|Any CPU.Build.0 = Release|Any CPU
		{5AC9DF71-22A1-4013-B331-4A671A87EE2C}.Debug|Any CPU.ActiveCfg = Debug|Any CPU
		{5AC9DF71-22A1-4013-B331-4A671A87EE2C}.Debug|Any CPU.Build.0 = Debug|Any CPU
		{5AC9DF71-22A1-4013-B331-4A671A87EE2C}.Release|Any CPU.ActiveCfg = Release|Any CPU
		{5AC9DF71-22A1-4013-B331-4A671A87EE2C}.Release|Any CPU.Build.0 = Release|Any CPU
		{18DD4D13-91A7-45EF-8AA6-1BD9D1620AE7}.Debug|Any CPU.ActiveCfg = Debug|Any CPU
		{18DD4D13-91A7-45EF-8AA6-1BD9D1620AE7}.Debug|Any CPU.Build.0 = Debug|Any CPU
		{18DD4D13-91A7-45EF-8AA6-1BD9D1620AE7}.Release|Any CPU.ActiveCfg = Release|Any CPU
		{18DD4D13-91A7-45EF-8AA6-1BD9D1620AE7}.Release|Any CPU.Build.0 = Release|Any CPU
		{0A041F99-0549-46D3-A639-BB463654D910}.Debug|Any CPU.ActiveCfg = Debug|Any CPU
		{0A041F99-0549-46D3-A639-BB463654D910}.Debug|Any CPU.Build.0 = Debug|Any CPU
		{0A041F99-0549-46D3-A639-BB463654D910}.Release|Any CPU.ActiveCfg = Release|Any CPU
		{0A041F99-0549-46D3-A639-BB463654D910}.Release|Any CPU.Build.0 = Release|Any CPU
		{CCB4E614-CC52-490D-AF74-00FBEB6ACB3E}.Debug|Any CPU.ActiveCfg = Debug|Any CPU
		{CCB4E614-CC52-490D-AF74-00FBEB6ACB3E}.Debug|Any CPU.Build.0 = Debug|Any CPU
		{CCB4E614-CC52-490D-AF74-00FBEB6ACB3E}.Release|Any CPU.ActiveCfg = Release|Any CPU
		{CCB4E614-CC52-490D-AF74-00FBEB6ACB3E}.Release|Any CPU.Build.0 = Release|Any CPU
	EndGlobalSection
	GlobalSection(SolutionProperties) = preSolution
		HideSolutionNode = FALSE
	EndGlobalSection
	GlobalSection(ExtensibilityGlobals) = postSolution
		SolutionGuid = {FD0CA12B-0D57-4462-BBEE-6473BC00EC16}
	EndGlobalSection
EndGlobal
